// !$*UTF8*$!
{
	archiveVersion = 1;
	classes = {
	};
	objectVersion = 56;
	objects = {

/* Begin PBXBuildFile section */
		BCF8123E2A6E74C6009ABDA6 /* AppDelegate.swift in Sources */ = {isa = PBXBuildFile; fileRef = BCF8123D2A6E74C6009ABDA6 /* AppDelegate.swift */; };
		BCF812402A6E74C6009ABDA6 /* SceneDelegate.swift in Sources */ = {isa = PBXBuildFile; fileRef = BCF8123F2A6E74C6009ABDA6 /* SceneDelegate.swift */; };
		BCF812422A6E74C6009ABDA6 /* ViewController.swift in Sources */ = {isa = PBXBuildFile; fileRef = BCF812412A6E74C6009ABDA6 /* ViewController.swift */; };
		BCF812472A6E74C8009ABDA6 /* Assets.xcassets in Resources */ = {isa = PBXBuildFile; fileRef = BCF812462A6E74C8009ABDA6 /* Assets.xcassets */; };
		BCF8124A2A6E74C8009ABDA6 /* LaunchScreen.storyboard in Resources */ = {isa = PBXBuildFile; fileRef = BCF812482A6E74C8009ABDA6 /* LaunchScreen.storyboard */; };
		BCF812552A6E74C8009ABDA6 /* seminarCodTests.swift in Sources */ = {isa = PBXBuildFile; fileRef = BCF812542A6E74C8009ABDA6 /* seminarCodTests.swift */; };
		BCF8125F2A6E74C8009ABDA6 /* seminarCodUITests.swift in Sources */ = {isa = PBXBuildFile; fileRef = BCF8125E2A6E74C8009ABDA6 /* seminarCodUITests.swift */; };
		BCF812612A6E74C8009ABDA6 /* seminarCodUITestsLaunchTests.swift in Sources */ = {isa = PBXBuildFile; fileRef = BCF812602A6E74C8009ABDA6 /* seminarCodUITestsLaunchTests.swift */; };
		BCF8126E2A6E75FA009ABDA6 /* NewViewController.swift in Sources */ = {isa = PBXBuildFile; fileRef = BCF8126D2A6E75FA009ABDA6 /* NewViewController.swift */; };
		BCF812702A6E7BA9009ABDA6 /* FriendViewController.swift in Sources */ = {isa = PBXBuildFile; fileRef = BCF8126F2A6E7BA9009ABDA6 /* FriendViewController.swift */; };
		BCF812722A6E7BCD009ABDA6 /* GroupsViewController.swift in Sources */ = {isa = PBXBuildFile; fileRef = BCF812712A6E7BCD009ABDA6 /* GroupsViewController.swift */; };
		BCF812742A6E7BEF009ABDA6 /* PhotosViewController.swift in Sources */ = {isa = PBXBuildFile; fileRef = BCF812732A6E7BEF009ABDA6 /* PhotosViewController.swift */; };
		BCF812762A6E7EFD009ABDA6 /* FriendCell.swift in Sources */ = {isa = PBXBuildFile; fileRef = BCF812752A6E7EFD009ABDA6 /* FriendCell.swift */; };
		BCF812782A6E7F1A009ABDA6 /* GroupCell.swift in Sources */ = {isa = PBXBuildFile; fileRef = BCF812772A6E7F1A009ABDA6 /* GroupCell.swift */; };
		BCF8127A2A6E7F32009ABDA6 /* PhotoCell.swift in Sources */ = {isa = PBXBuildFile; fileRef = BCF812792A6E7F32009ABDA6 /* PhotoCell.swift */; };
		BCF8127C2A6E7F4E009ABDA6 /* Constants.swift in Sources */ = {isa = PBXBuildFile; fileRef = BCF8127B2A6E7F4E009ABDA6 /* Constants.swift */; };
		BCF8127E2A6ED373009ABDA6 /* NetworkService.swift in Sources */ = {isa = PBXBuildFile; fileRef = BCF8127D2A6ED373009ABDA6 /* NetworkService.swift */; };
		BCF812802A6ED744009ABDA6 /* FriendsModel.swift in Sources */ = {isa = PBXBuildFile; fileRef = BCF8127F2A6ED744009ABDA6 /* FriendsModel.swift */; };
		BCF812822A6EDC0B009ABDA6 /* GroupsModel.swift in Sources */ = {isa = PBXBuildFile; fileRef = BCF812812A6EDC0B009ABDA6 /* GroupsModel.swift */; };
		BCF812842A6EDE0C009ABDA6 /* PhotosModel.swift in Sources */ = {isa = PBXBuildFile; fileRef = BCF812832A6EDE0C009ABDA6 /* PhotosModel.swift */; };
/* End PBXBuildFile section */

/* Begin PBXContainerItemProxy section */
		BCF812512A6E74C8009ABDA6 /* PBXContainerItemProxy */ = {
			isa = PBXContainerItemProxy;
			containerPortal = BCF812322A6E74C6009ABDA6 /* Project object */;
			proxyType = 1;
			remoteGlobalIDString = BCF812392A6E74C6009ABDA6;
			remoteInfo = seminarCod;
		};
		BCF8125B2A6E74C8009ABDA6 /* PBXContainerItemProxy */ = {
			isa = PBXContainerItemProxy;
			containerPortal = BCF812322A6E74C6009ABDA6 /* Project object */;
			proxyType = 1;
			remoteGlobalIDString = BCF812392A6E74C6009ABDA6;
			remoteInfo = seminarCod;
		};
/* End PBXContainerItemProxy section */

/* Begin PBXFileReference section */
		BCF8123A2A6E74C6009ABDA6 /* seminarCod.app */ = {isa = PBXFileReference; explicitFileType = wrapper.application; includeInIndex = 0; path = seminarCod.app; sourceTree = BUILT_PRODUCTS_DIR; };
		BCF8123D2A6E74C6009ABDA6 /* AppDelegate.swift */ = {isa = PBXFileReference; lastKnownFileType = sourcecode.swift; path = AppDelegate.swift; sourceTree = "<group>"; };
		BCF8123F2A6E74C6009ABDA6 /* SceneDelegate.swift */ = {isa = PBXFileReference; lastKnownFileType = sourcecode.swift; path = SceneDelegate.swift; sourceTree = "<group>"; };
		BCF812412A6E74C6009ABDA6 /* ViewController.swift */ = {isa = PBXFileReference; lastKnownFileType = sourcecode.swift; path = ViewController.swift; sourceTree = "<group>"; };
		BCF812462A6E74C8009ABDA6 /* Assets.xcassets */ = {isa = PBXFileReference; lastKnownFileType = folder.assetcatalog; path = Assets.xcassets; sourceTree = "<group>"; };
		BCF812492A6E74C8009ABDA6 /* Base */ = {isa = PBXFileReference; lastKnownFileType = file.storyboard; name = Base; path = Base.lproj/LaunchScreen.storyboard; sourceTree = "<group>"; };
		BCF8124B2A6E74C8009ABDA6 /* Info.plist */ = {isa = PBXFileReference; lastKnownFileType = text.plist.xml; path = Info.plist; sourceTree = "<group>"; };
		BCF812502A6E74C8009ABDA6 /* seminarCodTests.xctest */ = {isa = PBXFileReference; explicitFileType = wrapper.cfbundle; includeInIndex = 0; path = seminarCodTests.xctest; sourceTree = BUILT_PRODUCTS_DIR; };
		BCF812542A6E74C8009ABDA6 /* seminarCodTests.swift */ = {isa = PBXFileReference; lastKnownFileType = sourcecode.swift; path = seminarCodTests.swift; sourceTree = "<group>"; };
		BCF8125A2A6E74C8009ABDA6 /* seminarCodUITests.xctest */ = {isa = PBXFileReference; explicitFileType = wrapper.cfbundle; includeInIndex = 0; path = seminarCodUITests.xctest; sourceTree = BUILT_PRODUCTS_DIR; };
		BCF8125E2A6E74C8009ABDA6 /* seminarCodUITests.swift */ = {isa = PBXFileReference; lastKnownFileType = sourcecode.swift; path = seminarCodUITests.swift; sourceTree = "<group>"; };
		BCF812602A6E74C8009ABDA6 /* seminarCodUITestsLaunchTests.swift */ = {isa = PBXFileReference; lastKnownFileType = sourcecode.swift; path = seminarCodUITestsLaunchTests.swift; sourceTree = "<group>"; };
		BCF8126D2A6E75FA009ABDA6 /* NewViewController.swift */ = {isa = PBXFileReference; lastKnownFileType = sourcecode.swift; path = NewViewController.swift; sourceTree = "<group>"; };
		BCF8126F2A6E7BA9009ABDA6 /* FriendViewController.swift */ = {isa = PBXFileReference; lastKnownFileType = sourcecode.swift; path = FriendViewController.swift; sourceTree = "<group>"; };
		BCF812712A6E7BCD009ABDA6 /* GroupsViewController.swift */ = {isa = PBXFileReference; lastKnownFileType = sourcecode.swift; path = GroupsViewController.swift; sourceTree = "<group>"; };
		BCF812732A6E7BEF009ABDA6 /* PhotosViewController.swift */ = {isa = PBXFileReference; lastKnownFileType = sourcecode.swift; path = PhotosViewController.swift; sourceTree = "<group>"; };
		BCF812752A6E7EFD009ABDA6 /* FriendCell.swift */ = {isa = PBXFileReference; lastKnownFileType = sourcecode.swift; path = FriendCell.swift; sourceTree = "<group>"; };
		BCF812772A6E7F1A009ABDA6 /* GroupCell.swift */ = {isa = PBXFileReference; lastKnownFileType = sourcecode.swift; path = GroupCell.swift; sourceTree = "<group>"; };
		BCF812792A6E7F32009ABDA6 /* PhotoCell.swift */ = {isa = PBXFileReference; lastKnownFileType = sourcecode.swift; path = PhotoCell.swift; sourceTree = "<group>"; };
		BCF8127B2A6E7F4E009ABDA6 /* Constants.swift */ = {isa = PBXFileReference; lastKnownFileType = sourcecode.swift; path = Constants.swift; sourceTree = "<group>"; };
		BCF8127D2A6ED373009ABDA6 /* NetworkService.swift */ = {isa = PBXFileReference; lastKnownFileType = sourcecode.swift; path = NetworkService.swift; sourceTree = "<group>"; };
		BCF8127F2A6ED744009ABDA6 /* FriendsModel.swift */ = {isa = PBXFileReference; lastKnownFileType = sourcecode.swift; path = FriendsModel.swift; sourceTree = "<group>"; };
		BCF812812A6EDC0B009ABDA6 /* GroupsModel.swift */ = {isa = PBXFileReference; lastKnownFileType = sourcecode.swift; path = GroupsModel.swift; sourceTree = "<group>"; };
		BCF812832A6EDE0C009ABDA6 /* PhotosModel.swift */ = {isa = PBXFileReference; lastKnownFileType = sourcecode.swift; path = PhotosModel.swift; sourceTree = "<group>"; };
/* End PBXFileReference section */

/* Begin PBXFrameworksBuildPhase section */
		BCF812372A6E74C6009ABDA6 /* Frameworks */ = {
			isa = PBXFrameworksBuildPhase;
			buildActionMask = 2147483647;
			files = (
			);
			runOnlyForDeploymentPostprocessing = 0;
		};
		BCF8124D2A6E74C8009ABDA6 /* Frameworks */ = {
			isa = PBXFrameworksBuildPhase;
			buildActionMask = 2147483647;
			files = (
			);
			runOnlyForDeploymentPostprocessing = 0;
		};
		BCF812572A6E74C8009ABDA6 /* Frameworks */ = {
			isa = PBXFrameworksBuildPhase;
			buildActionMask = 2147483647;
			files = (
			);
			runOnlyForDeploymentPostprocessing = 0;
		};
/* End PBXFrameworksBuildPhase section */

/* Begin PBXGroup section */
		BCF812312A6E74C6009ABDA6 = {
			isa = PBXGroup;
			children = (
				BCF8123C2A6E74C6009ABDA6 /* seminarCod */,
				BCF812532A6E74C8009ABDA6 /* seminarCodTests */,
				BCF8125D2A6E74C8009ABDA6 /* seminarCodUITests */,
				BCF8123B2A6E74C6009ABDA6 /* Products */,
			);
			sourceTree = "<group>";
		};
		BCF8123B2A6E74C6009ABDA6 /* Products */ = {
			isa = PBXGroup;
			children = (
				BCF8123A2A6E74C6009ABDA6 /* seminarCod.app */,
				BCF812502A6E74C8009ABDA6 /* seminarCodTests.xctest */,
				BCF8125A2A6E74C8009ABDA6 /* seminarCodUITests.xctest */,
			);
			name = Products;
			sourceTree = "<group>";
		};
		BCF8123C2A6E74C6009ABDA6 /* seminarCod */ = {
			isa = PBXGroup;
			children = (
				BCF8123D2A6E74C6009ABDA6 /* AppDelegate.swift */,
				BCF8123F2A6E74C6009ABDA6 /* SceneDelegate.swift */,
				BCF812412A6E74C6009ABDA6 /* ViewController.swift */,
				BCF812462A6E74C8009ABDA6 /* Assets.xcassets */,
				BCF812482A6E74C8009ABDA6 /* LaunchScreen.storyboard */,
				BCF8124B2A6E74C8009ABDA6 /* Info.plist */,
				BCF8126D2A6E75FA009ABDA6 /* NewViewController.swift */,
				BCF8126F2A6E7BA9009ABDA6 /* FriendViewController.swift */,
				BCF812712A6E7BCD009ABDA6 /* GroupsViewController.swift */,
				BCF812732A6E7BEF009ABDA6 /* PhotosViewController.swift */,
				BCF812752A6E7EFD009ABDA6 /* FriendCell.swift */,
				BCF812772A6E7F1A009ABDA6 /* GroupCell.swift */,
				BCF812792A6E7F32009ABDA6 /* PhotoCell.swift */,
				BCF8127B2A6E7F4E009ABDA6 /* Constants.swift */,
				BCF8127D2A6ED373009ABDA6 /* NetworkService.swift */,
				BCF8127F2A6ED744009ABDA6 /* FriendsModel.swift */,
				BCF812812A6EDC0B009ABDA6 /* GroupsModel.swift */,
				BCF812832A6EDE0C009ABDA6 /* PhotosModel.swift */,
			);
			path = seminarCod;
			sourceTree = "<group>";
		};
		BCF812532A6E74C8009ABDA6 /* seminarCodTests */ = {
			isa = PBXGroup;
			children = (
				BCF812542A6E74C8009ABDA6 /* seminarCodTests.swift */,
			);
			path = seminarCodTests;
			sourceTree = "<group>";
		};
		BCF8125D2A6E74C8009ABDA6 /* seminarCodUITests */ = {
			isa = PBXGroup;
			children = (
				BCF8125E2A6E74C8009ABDA6 /* seminarCodUITests.swift */,
				BCF812602A6E74C8009ABDA6 /* seminarCodUITestsLaunchTests.swift */,
			);
			path = seminarCodUITests;
			sourceTree = "<group>";
		};
/* End PBXGroup section */

/* Begin PBXNativeTarget section */
		BCF812392A6E74C6009ABDA6 /* seminarCod */ = {
			isa = PBXNativeTarget;
			buildConfigurationList = BCF812642A6E74C8009ABDA6 /* Build configuration list for PBXNativeTarget "seminarCod" */;
			buildPhases = (
				BCF812362A6E74C6009ABDA6 /* Sources */,
				BCF812372A6E74C6009ABDA6 /* Frameworks */,
				BCF812382A6E74C6009ABDA6 /* Resources */,
			);
			buildRules = (
			);
			dependencies = (
			);
			name = seminarCod;
			productName = seminarCod;
			productReference = BCF8123A2A6E74C6009ABDA6 /* seminarCod.app */;
			productType = "com.apple.product-type.application";
		};
		BCF8124F2A6E74C8009ABDA6 /* seminarCodTests */ = {
			isa = PBXNativeTarget;
			buildConfigurationList = BCF812672A6E74C8009ABDA6 /* Build configuration list for PBXNativeTarget "seminarCodTests" */;
			buildPhases = (
				BCF8124C2A6E74C8009ABDA6 /* Sources */,
				BCF8124D2A6E74C8009ABDA6 /* Frameworks */,
				BCF8124E2A6E74C8009ABDA6 /* Resources */,
			);
			buildRules = (
			);
			dependencies = (
				BCF812522A6E74C8009ABDA6 /* PBXTargetDependency */,
			);
			name = seminarCodTests;
			productName = seminarCodTests;
			productReference = BCF812502A6E74C8009ABDA6 /* seminarCodTests.xctest */;
			productType = "com.apple.product-type.bundle.unit-test";
		};
		BCF812592A6E74C8009ABDA6 /* seminarCodUITests */ = {
			isa = PBXNativeTarget;
			buildConfigurationList = BCF8126A2A6E74C8009ABDA6 /* Build configuration list for PBXNativeTarget "seminarCodUITests" */;
			buildPhases = (
				BCF812562A6E74C8009ABDA6 /* Sources */,
				BCF812572A6E74C8009ABDA6 /* Frameworks */,
				BCF812582A6E74C8009ABDA6 /* Resources */,
			);
			buildRules = (
			);
			dependencies = (
				BCF8125C2A6E74C8009ABDA6 /* PBXTargetDependency */,
			);
			name = seminarCodUITests;
			productName = seminarCodUITests;
			productReference = BCF8125A2A6E74C8009ABDA6 /* seminarCodUITests.xctest */;
			productType = "com.apple.product-type.bundle.ui-testing";
		};
/* End PBXNativeTarget section */

/* Begin PBXProject section */
		BCF812322A6E74C6009ABDA6 /* Project object */ = {
			isa = PBXProject;
			attributes = {
				BuildIndependentTargetsInParallel = 1;
				LastSwiftUpdateCheck = 1430;
				LastUpgradeCheck = 1430;
				TargetAttributes = {
					BCF812392A6E74C6009ABDA6 = {
						CreatedOnToolsVersion = 14.3.1;
					};
					BCF8124F2A6E74C8009ABDA6 = {
						CreatedOnToolsVersion = 14.3.1;
						TestTargetID = BCF812392A6E74C6009ABDA6;
					};
					BCF812592A6E74C8009ABDA6 = {
						CreatedOnToolsVersion = 14.3.1;
						TestTargetID = BCF812392A6E74C6009ABDA6;
					};
				};
			};
			buildConfigurationList = BCF812352A6E74C6009ABDA6 /* Build configuration list for PBXProject "seminarCod" */;
			compatibilityVersion = "Xcode 14.0";
			developmentRegion = en;
			hasScannedForEncodings = 0;
			knownRegions = (
				en,
				Base,
			);
			mainGroup = BCF812312A6E74C6009ABDA6;
			productRefGroup = BCF8123B2A6E74C6009ABDA6 /* Products */;
			projectDirPath = "";
			projectRoot = "";
			targets = (
				BCF812392A6E74C6009ABDA6 /* seminarCod */,
				BCF8124F2A6E74C8009ABDA6 /* seminarCodTests */,
				BCF812592A6E74C8009ABDA6 /* seminarCodUITests */,
			);
		};
/* End PBXProject section */

/* Begin PBXResourcesBuildPhase section */
		BCF812382A6E74C6009ABDA6 /* Resources */ = {
			isa = PBXResourcesBuildPhase;
			buildActionMask = 2147483647;
			files = (
				BCF8124A2A6E74C8009ABDA6 /* LaunchScreen.storyboard in Resources */,
				BCF812472A6E74C8009ABDA6 /* Assets.xcassets in Resources */,
			);
			runOnlyForDeploymentPostprocessing = 0;
		};
		BCF8124E2A6E74C8009ABDA6 /* Resources */ = {
			isa = PBXResourcesBuildPhase;
			buildActionMask = 2147483647;
			files = (
			);
			runOnlyForDeploymentPostprocessing = 0;
		};
		BCF812582A6E74C8009ABDA6 /* Resources */ = {
			isa = PBXResourcesBuildPhase;
			buildActionMask = 2147483647;
			files = (
			);
			runOnlyForDeploymentPostprocessing = 0;
		};
/* End PBXResourcesBuildPhase section */

/* Begin PBXSourcesBuildPhase section */
		BCF812362A6E74C6009ABDA6 /* Sources */ = {
			isa = PBXSourcesBuildPhase;
			buildActionMask = 2147483647;
			files = (
				BCF812782A6E7F1A009ABDA6 /* GroupCell.swift in Sources */,
				BCF8127C2A6E7F4E009ABDA6 /* Constants.swift in Sources */,
				BCF812422A6E74C6009ABDA6 /* ViewController.swift in Sources */,
				BCF8123E2A6E74C6009ABDA6 /* AppDelegate.swift in Sources */,
				BCF812722A6E7BCD009ABDA6 /* GroupsViewController.swift in Sources */,
				BCF812762A6E7EFD009ABDA6 /* FriendCell.swift in Sources */,
				BCF812402A6E74C6009ABDA6 /* SceneDelegate.swift in Sources */,
				BCF8127A2A6E7F32009ABDA6 /* PhotoCell.swift in Sources */,
				BCF812742A6E7BEF009ABDA6 /* PhotosViewController.swift in Sources */,
				BCF812802A6ED744009ABDA6 /* FriendsModel.swift in Sources */,
				BCF8126E2A6E75FA009ABDA6 /* NewViewController.swift in Sources */,
				BCF812842A6EDE0C009ABDA6 /* PhotosModel.swift in Sources */,
				BCF812822A6EDC0B009ABDA6 /* GroupsModel.swift in Sources */,
				BCF8127E2A6ED373009ABDA6 /* NetworkService.swift in Sources */,
				BCF812702A6E7BA9009ABDA6 /* FriendViewController.swift in Sources */,
			);
			runOnlyForDeploymentPostprocessing = 0;
		};
		BCF8124C2A6E74C8009ABDA6 /* Sources */ = {
			isa = PBXSourcesBuildPhase;
			buildActionMask = 2147483647;
			files = (
				BCF812552A6E74C8009ABDA6 /* seminarCodTests.swift in Sources */,
			);
			runOnlyForDeploymentPostprocessing = 0;
		};
		BCF812562A6E74C8009ABDA6 /* Sources */ = {
			isa = PBXSourcesBuildPhase;
			buildActionMask = 2147483647;
			files = (
				BCF8125F2A6E74C8009ABDA6 /* seminarCodUITests.swift in Sources */,
				BCF812612A6E74C8009ABDA6 /* seminarCodUITestsLaunchTests.swift in Sources */,
			);
			runOnlyForDeploymentPostprocessing = 0;
		};
/* End PBXSourcesBuildPhase section */

/* Begin PBXTargetDependency section */
		BCF812522A6E74C8009ABDA6 /* PBXTargetDependency */ = {
			isa = PBXTargetDependency;
			target = BCF812392A6E74C6009ABDA6 /* seminarCod */;
			targetProxy = BCF812512A6E74C8009ABDA6 /* PBXContainerItemProxy */;
		};
		BCF8125C2A6E74C8009ABDA6 /* PBXTargetDependency */ = {
			isa = PBXTargetDependency;
			target = BCF812392A6E74C6009ABDA6 /* seminarCod */;
			targetProxy = BCF8125B2A6E74C8009ABDA6 /* PBXContainerItemProxy */;
		};
/* End PBXTargetDependency section */

/* Begin PBXVariantGroup section */
		BCF812482A6E74C8009ABDA6 /* LaunchScreen.storyboard */ = {
			isa = PBXVariantGroup;
			children = (
				BCF812492A6E74C8009ABDA6 /* Base */,
			);
			name = LaunchScreen.storyboard;
			sourceTree = "<group>";
		};
/* End PBXVariantGroup section */

/* Begin XCBuildConfiguration section */
		BCF812622A6E74C8009ABDA6 /* Debug */ = {
			isa = XCBuildConfiguration;
			buildSettings = {
				ALWAYS_SEARCH_USER_PATHS = NO;
				CLANG_ANALYZER_NONNULL = YES;
				CLANG_ANALYZER_NUMBER_OBJECT_CONVERSION = YES_AGGRESSIVE;
				CLANG_CXX_LANGUAGE_STANDARD = "gnu++20";
				CLANG_ENABLE_MODULES = YES;
				CLANG_ENABLE_OBJC_ARC = YES;
				CLANG_ENABLE_OBJC_WEAK = YES;
				CLANG_WARN_BLOCK_CAPTURE_AUTORELEASING = YES;
				CLANG_WARN_BOOL_CONVERSION = YES;
				CLANG_WARN_COMMA = YES;
				CLANG_WARN_CONSTANT_CONVERSION = YES;
				CLANG_WARN_DEPRECATED_OBJC_IMPLEMENTATIONS = YES;
				CLANG_WARN_DIRECT_OBJC_ISA_USAGE = YES_ERROR;
				CLANG_WARN_DOCUMENTATION_COMMENTS = YES;
				CLANG_WARN_EMPTY_BODY = YES;
				CLANG_WARN_ENUM_CONVERSION = YES;
				CLANG_WARN_INFINITE_RECURSION = YES;
				CLANG_WARN_INT_CONVERSION = YES;
				CLANG_WARN_NON_LITERAL_NULL_CONVERSION = YES;
				CLANG_WARN_OBJC_IMPLICIT_RETAIN_SELF = YES;
				CLANG_WARN_OBJC_LITERAL_CONVERSION = YES;
				CLANG_WARN_OBJC_ROOT_CLASS = YES_ERROR;
				CLANG_WARN_QUOTED_INCLUDE_IN_FRAMEWORK_HEADER = YES;
				CLANG_WARN_RANGE_LOOP_ANALYSIS = YES;
				CLANG_WARN_STRICT_PROTOTYPES = YES;
				CLANG_WARN_SUSPICIOUS_MOVE = YES;
				CLANG_WARN_UNGUARDED_AVAILABILITY = YES_AGGRESSIVE;
				CLANG_WARN_UNREACHABLE_CODE = YES;
				CLANG_WARN__DUPLICATE_METHOD_MATCH = YES;
				COPY_PHASE_STRIP = NO;
				DEBUG_INFORMATION_FORMAT = dwarf;
				ENABLE_STRICT_OBJC_MSGSEND = YES;
				ENABLE_TESTABILITY = YES;
				GCC_C_LANGUAGE_STANDARD = gnu11;
				GCC_DYNAMIC_NO_PIC = NO;
				GCC_NO_COMMON_BLOCKS = YES;
				GCC_OPTIMIZATION_LEVEL = 0;
				GCC_PREPROCESSOR_DEFINITIONS = (
					"DEBUG=1",
					"$(inherited)",
				);
				GCC_WARN_64_TO_32_BIT_CONVERSION = YES;
				GCC_WARN_ABOUT_RETURN_TYPE = YES_ERROR;
				GCC_WARN_UNDECLARED_SELECTOR = YES;
				GCC_WARN_UNINITIALIZED_AUTOS = YES_AGGRESSIVE;
				GCC_WARN_UNUSED_FUNCTION = YES;
				GCC_WARN_UNUSED_VARIABLE = YES;
				IPHONEOS_DEPLOYMENT_TARGET = 16.4;
				MTL_ENABLE_DEBUG_INFO = INCLUDE_SOURCE;
				MTL_FAST_MATH = YES;
				ONLY_ACTIVE_ARCH = YES;
				SDKROOT = iphoneos;
				SWIFT_ACTIVE_COMPILATION_CONDITIONS = DEBUG;
				SWIFT_OPTIMIZATION_LEVEL = "-Onone";
			};
			name = Debug;
		};
		BCF812632A6E74C8009ABDA6 /* Release */ = {
			isa = XCBuildConfiguration;
			buildSettings = {
				ALWAYS_SEARCH_USER_PATHS = NO;
				CLANG_ANALYZER_NONNULL = YES;
				CLANG_ANALYZER_NUMBER_OBJECT_CONVERSION = YES_AGGRESSIVE;
				CLANG_CXX_LANGUAGE_STANDARD = "gnu++20";
				CLANG_ENABLE_MODULES = YES;
				CLANG_ENABLE_OBJC_ARC = YES;
				CLANG_ENABLE_OBJC_WEAK = YES;
				CLANG_WARN_BLOCK_CAPTURE_AUTORELEASING = YES;
				CLANG_WARN_BOOL_CONVERSION = YES;
				CLANG_WARN_COMMA = YES;
				CLANG_WARN_CONSTANT_CONVERSION = YES;
				CLANG_WARN_DEPRECATED_OBJC_IMPLEMENTATIONS = YES;
				CLANG_WARN_DIRECT_OBJC_ISA_USAGE = YES_ERROR;
				CLANG_WARN_DOCUMENTATION_COMMENTS = YES;
				CLANG_WARN_EMPTY_BODY = YES;
				CLANG_WARN_ENUM_CONVERSION = YES;
				CLANG_WARN_INFINITE_RECURSION = YES;
				CLANG_WARN_INT_CONVERSION = YES;
				CLANG_WARN_NON_LITERAL_NULL_CONVERSION = YES;
				CLANG_WARN_OBJC_IMPLICIT_RETAIN_SELF = YES;
				CLANG_WARN_OBJC_LITERAL_CONVERSION = YES;
				CLANG_WARN_OBJC_ROOT_CLASS = YES_ERROR;
				CLANG_WARN_QUOTED_INCLUDE_IN_FRAMEWORK_HEADER = YES;
				CLANG_WARN_RANGE_LOOP_ANALYSIS = YES;
				CLANG_WARN_STRICT_PROTOTYPES = YES;
				CLANG_WARN_SUSPICIOUS_MOVE = YES;
				CLANG_WARN_UNGUARDED_AVAILABILITY = YES_AGGRESSIVE;
				CLANG_WARN_UNREACHABLE_CODE = YES;
				CLANG_WARN__DUPLICATE_METHOD_MATCH = YES;
				COPY_PHASE_STRIP = NO;
				DEBUG_INFORMATION_FORMAT = "dwarf-with-dsym";
				ENABLE_NS_ASSERTIONS = NO;
				ENABLE_STRICT_OBJC_MSGSEND = YES;
				GCC_C_LANGUAGE_STANDARD = gnu11;
				GCC_NO_COMMON_BLOCKS = YES;
				GCC_WARN_64_TO_32_BIT_CONVERSION = YES;
				GCC_WARN_ABOUT_RETURN_TYPE = YES_ERROR;
				GCC_WARN_UNDECLARED_SELECTOR = YES;
				GCC_WARN_UNINITIALIZED_AUTOS = YES_AGGRESSIVE;
				GCC_WARN_UNUSED_FUNCTION = YES;
				GCC_WARN_UNUSED_VARIABLE = YES;
				IPHONEOS_DEPLOYMENT_TARGET = 16.4;
				MTL_ENABLE_DEBUG_INFO = NO;
				MTL_FAST_MATH = YES;
				SDKROOT = iphoneos;
				SWIFT_COMPILATION_MODE = wholemodule;
				SWIFT_OPTIMIZATION_LEVEL = "-O";
				VALIDATE_PRODUCT = YES;
			};
			name = Release;
		};
		BCF812652A6E74C8009ABDA6 /* Debug */ = {
			isa = XCBuildConfiguration;
			buildSettings = {
				ASSETCATALOG_COMPILER_APPICON_NAME = AppIcon;
				ASSETCATALOG_COMPILER_GLOBAL_ACCENT_COLOR_NAME = AccentColor;
				CODE_SIGN_STYLE = Automatic;
				CURRENT_PROJECT_VERSION = 1;
				GENERATE_INFOPLIST_FILE = YES;
				INFOPLIST_FILE = seminarCod/Info.plist;
				INFOPLIST_KEY_UIApplicationSupportsIndirectInputEvents = YES;
				INFOPLIST_KEY_UILaunchStoryboardName = LaunchScreen;
				INFOPLIST_KEY_UISupportedInterfaceOrientations_iPad = "UIInterfaceOrientationPortrait UIInterfaceOrientationPortraitUpsideDown UIInterfaceOrientationLandscapeLeft UIInterfaceOrientationLandscapeRight";
				INFOPLIST_KEY_UISupportedInterfaceOrientations_iPhone = "UIInterfaceOrientationPortrait UIInterfaceOrientationLandscapeLeft UIInterfaceOrientationLandscapeRight";
				LD_RUNPATH_SEARCH_PATHS = (
					"$(inherited)",
					"@executable_path/Frameworks",
				);
				MARKETING_VERSION = 1.0;
				PRODUCT_BUNDLE_IDENTIFIER = MPV.seminarCod;
				PRODUCT_NAME = "$(TARGET_NAME)";
				SWIFT_EMIT_LOC_STRINGS = YES;
				SWIFT_VERSION = 5.0;
				TARGETED_DEVICE_FAMILY = "1,2";
			};
			name = Debug;
		};
		BCF812662A6E74C8009ABDA6 /* Release */ = {
			isa = XCBuildConfiguration;
			buildSettings = {
				ASSETCATALOG_COMPILER_APPICON_NAME = AppIcon;
				ASSETCATALOG_COMPILER_GLOBAL_ACCENT_COLOR_NAME = AccentColor;
				CODE_SIGN_STYLE = Automatic;
				CURRENT_PROJECT_VERSION = 1;
				GENERATE_INFOPLIST_FILE = YES;
				INFOPLIST_FILE = seminarCod/Info.plist;
				INFOPLIST_KEY_UIApplicationSupportsIndirectInputEvents = YES;
				INFOPLIST_KEY_UILaunchStoryboardName = LaunchScreen;
				INFOPLIST_KEY_UISupportedInterfaceOrientations_iPad = "UIInterfaceOrientationPortrait UIInterfaceOrientationPortraitUpsideDown UIInterfaceOrientationLandscapeLeft UIInterfaceOrientationLandscapeRight";
				INFOPLIST_KEY_UISupportedInterfaceOrientations_iPhone = "UIInterfaceOrientationPortrait UIInterfaceOrientationLandscapeLeft UIInterfaceOrientationLandscapeRight";
				LD_RUNPATH_SEARCH_PATHS = (
					"$(inherited)",
					"@executable_path/Frameworks",
				);
				MARKETING_VERSION = 1.0;
				PRODUCT_BUNDLE_IDENTIFIER = MPV.seminarCod;
				PRODUCT_NAME = "$(TARGET_NAME)";
				SWIFT_EMIT_LOC_STRINGS = YES;
				SWIFT_VERSION = 5.0;
				TARGETED_DEVICE_FAMILY = "1,2";
			};
			name = Release;
		};
		BCF812682A6E74C8009ABDA6 /* Debug */ = {
			isa = XCBuildConfiguration;
			buildSettings = {
				ALWAYS_EMBED_SWIFT_STANDARD_LIBRARIES = YES;
				BUNDLE_LOADER = "$(TEST_HOST)";
				CODE_SIGN_STYLE = Automatic;
				CURRENT_PROJECT_VERSION = 1;
				GENERATE_INFOPLIST_FILE = YES;
				IPHONEOS_DEPLOYMENT_TARGET = 16.4;
				MARKETING_VERSION = 1.0;
				PRODUCT_BUNDLE_IDENTIFIER = MPV.seminarCodTests;
				PRODUCT_NAME = "$(TARGET_NAME)";
				SWIFT_EMIT_LOC_STRINGS = NO;
				SWIFT_VERSION = 5.0;
				TARGETED_DEVICE_FAMILY = "1,2";
				TEST_HOST = "$(BUILT_PRODUCTS_DIR)/seminarCod.app/$(BUNDLE_EXECUTABLE_FOLDER_PATH)/seminarCod";
			};
			name = Debug;
		};
		BCF812692A6E74C8009ABDA6 /* Release */ = {
			isa = XCBuildConfiguration;
			buildSettings = {
				ALWAYS_EMBED_SWIFT_STANDARD_LIBRARIES = YES;
				BUNDLE_LOADER = "$(TEST_HOST)";
				CODE_SIGN_STYLE = Automatic;
				CURRENT_PROJECT_VERSION = 1;
				GENERATE_INFOPLIST_FILE = YES;
				IPHONEOS_DEPLOYMENT_TARGET = 16.4;
				MARKETING_VERSION = 1.0;
				PRODUCT_BUNDLE_IDENTIFIER = MPV.seminarCodTests;
				PRODUCT_NAME = "$(TARGET_NAME)";
				SWIFT_EMIT_LOC_STRINGS = NO;
				SWIFT_VERSION = 5.0;
				TARGETED_DEVICE_FAMILY = "1,2";
				TEST_HOST = "$(BUILT_PRODUCTS_DIR)/seminarCod.app/$(BUNDLE_EXECUTABLE_FOLDER_PATH)/seminarCod";
			};
			name = Release;
		};
		BCF8126B2A6E74C8009ABDA6 /* Debug */ = {
			isa = XCBuildConfiguration;
			buildSettings = {
				ALWAYS_EMBED_SWIFT_STANDARD_LIBRARIES = YES;
				CODE_SIGN_STYLE = Automatic;
				CURRENT_PROJECT_VERSION = 1;
				GENERATE_INFOPLIST_FILE = YES;
				MARKETING_VERSION = 1.0;
				PRODUCT_BUNDLE_IDENTIFIER = MPV.seminarCodUITests;
				PRODUCT_NAME = "$(TARGET_NAME)";
				SWIFT_EMIT_LOC_STRINGS = NO;
				SWIFT_VERSION = 5.0;
				TARGETED_DEVICE_FAMILY = "1,2";
				TEST_TARGET_NAME = seminarCod;
			};
			name = Debug;
		};
		BCF8126C2A6E74C8009ABDA6 /* Release */ = {
			isa = XCBuildConfiguration;
			buildSettings = {
				ALWAYS_EMBED_SWIFT_STANDARD_LIBRARIES = YES;
				CODE_SIGN_STYLE = Automatic;
				CURRENT_PROJECT_VERSION = 1;
				GENERATE_INFOPLIST_FILE = YES;
				MARKETING_VERSION = 1.0;
				PRODUCT_BUNDLE_IDENTIFIER = MPV.seminarCodUITests;
				PRODUCT_NAME = "$(TARGET_NAME)";
				SWIFT_EMIT_LOC_STRINGS = NO;
				SWIFT_VERSION = 5.0;
				TARGETED_DEVICE_FAMILY = "1,2";
				TEST_TARGET_NAME = seminarCod;
			};
			name = Release;
		};
/* End XCBuildConfiguration section */

/* Begin XCConfigurationList section */
		BCF812352A6E74C6009ABDA6 /* Build configuration list for PBXProject "seminarCod" */ = {
			isa = XCConfigurationList;
			buildConfigurations = (
				BCF812622A6E74C8009ABDA6 /* Debug */,
				BCF812632A6E74C8009ABDA6 /* Release */,
			);
			defaultConfigurationIsVisible = 0;
			defaultConfigurationName = Release;
		};
		BCF812642A6E74C8009ABDA6 /* Build configuration list for PBXNativeTarget "seminarCod" */ = {
			isa = XCConfigurationList;
			buildConfigurations = (
				BCF812652A6E74C8009ABDA6 /* Debug */,
				BCF812662A6E74C8009ABDA6 /* Release */,
			);
			defaultConfigurationIsVisible = 0;
			defaultConfigurationName = Release;
		};
		BCF812672A6E74C8009ABDA6 /* Build configuration list for PBXNativeTarget "seminarCodTests" */ = {
			isa = XCConfigurationList;
			buildConfigurations = (
				BCF812682A6E74C8009ABDA6 /* Debug */,
				BCF812692A6E74C8009ABDA6 /* Release */,
			);
			defaultConfigurationIsVisible = 0;
			defaultConfigurationName = Release;
		};
		BCF8126A2A6E74C8009ABDA6 /* Build configuration list for PBXNativeTarget "seminarCodUITests" */ = {
			isa = XCConfigurationList;
			buildConfigurations = (
				BCF8126B2A6E74C8009ABDA6 /* Debug */,
				BCF8126C2A6E74C8009ABDA6 /* Release */,
			);
			defaultConfigurationIsVisible = 0;
			defaultConfigurationName = Release;
		};
/* End XCConfigurationList section */
	};
	rootObject = BCF812322A6E74C6009ABDA6 /* Project object */;
}
